
Microsoft Visual Studio Solution File, Format Version 12.00
Project("{FAE04EC0-301F-11D3-BF4B-00C04F79EFBC}") = "UserClient", "UserClient\UserClient.csproj", "{C195D495-2C38-4773-B1E1-047D54C4117F}"
EndProject
Project("{FAE04EC0-301F-11D3-BF4B-00C04F79EFBC}") = "IdentityProvider", "IdentityProvider\IdentityProvider.csproj", "{54A0D833-D92C-4D87-A8CF-08F938FBC0EC}"
EndProject
Project("{FAE04EC0-301F-11D3-BF4B-00C04F79EFBC}") = "Target", "Target\Target.csproj", "{BA86A590-833A-40BC-BE28-C7AB976BC6A8}"
EndProject
Project("{FAE04EC0-301F-11D3-BF4B-00C04F79EFBC}") = "Shared", "Shared\Shared.csproj", "{C50C6797-BC0B-4F3B-B83E-E3592767418F}"
EndProject
Global
	GlobalSection(SolutionConfigurationPlatforms) = preSolution
		Debug|Any CPU = Debug|Any CPU
		Release|Any CPU = Release|Any CPU
	EndGlobalSection
	GlobalSection(ProjectConfigurationPlatforms) = postSolution
		{C195D495-2C38-4773-B1E1-047D54C4117F}.Debug|Any CPU.ActiveCfg = Debug|Any CPU
		{C195D495-2C38-4773-B1E1-047D54C4117F}.Debug|Any CPU.Build.0 = Debug|Any CPU
		{C195D495-2C38-4773-B1E1-047D54C4117F}.Release|Any CPU.ActiveCfg = Release|Any CPU
		{C195D495-2C38-4773-B1E1-047D54C4117F}.Release|Any CPU.Build.0 = Release|Any CPU
		{54A0D833-D92C-4D87-A8CF-08F938FBC0EC}.Debug|Any CPU.ActiveCfg = Debug|Any CPU
		{54A0D833-D92C-4D87-A8CF-08F938FBC0EC}.Debug|Any CPU.Build.0 = Debug|Any CPU
		{54A0D833-D92C-4D87-A8CF-08F938FBC0EC}.Release|Any CPU.ActiveCfg = Release|Any CPU
		{54A0D833-D92C-4D87-A8CF-08F938FBC0EC}.Release|Any CPU.Build.0 = Release|Any CPU
		{BA86A590-833A-40BC-BE28-C7AB976BC6A8}.Debug|Any CPU.ActiveCfg = Debug|Any CPU
		{BA86A590-833A-40BC-BE28-C7AB976BC6A8}.Debug|Any CPU.Build.0 = Debug|Any CPU
		{BA86A590-833A-40BC-BE28-C7AB976BC6A8}.Release|Any CPU.ActiveCfg = Release|Any CPU
		{BA86A590-833A-40BC-BE28-C7AB976BC6A8}.Release|Any CPU.Build.0 = Release|Any CPU
		{C50C6797-BC0B-4F3B-B83E-E3592767418F}.Debug|Any CPU.ActiveCfg = Debug|Any CPU
		{C50C6797-BC0B-4F3B-B83E-E3592767418F}.Debug|Any CPU.Build.0 = Debug|Any CPU
		{C50C6797-BC0B-4F3B-B83E-E3592767418F}.Release|Any CPU.ActiveCfg = Release|Any CPU
		{C50C6797-BC0B-4F3B-B83E-E3592767418F}.Release|Any CPU.Build.0 = Release|Any CPU
	EndGlobalSection
EndGlobal
